{
  "name": "taca",
  "version": "0.1.0",
  "lockfileVersion": 2,
  "requires": true,
  "packages": {
    "": {
      "name": "taca",
      "version": "0.1.0",
      "devDependencies": {
        "shaderkit": "^0.1.10"
      }
    },
    "node_modules/shaderkit": {
      "version": "0.1.10",
      "resolved": "https://registry.npmjs.org/shaderkit/-/shaderkit-0.1.10.tgz",
      "integrity": "sha512-FnS5MsEfD+ixtYqUzE0NecwW+s/5bJNDTf+q10QhnsvptELs2sF6zFcvYJOZZkjsKwKd0qvuELb5LseeZpR4jQ==",
      "dev": true
    }
  },
  "dependencies": {
    "shaderkit": {
      "version": "0.1.10",
      "resolved": "https://registry.npmjs.org/shaderkit/-/shaderkit-0.1.10.tgz",
      "integrity": "sha512-FnS5MsEfD+ixtYqUzE0NecwW+s/5bJNDTf+q10QhnsvptELs2sF6zFcvYJOZZkjsKwKd0qvuELb5LseeZpR4jQ==",
      "dev": true
    }
  }
}
